
Microsoft Visual Studio Solution File, Format Version 12.00
# Visual Studio Version 16
VisualStudioVersion = 16.0.30114.105
MinimumVisualStudioVersion = 10.0.40219.1
Project("{FAE04EC0-301F-11D3-BF4B-00C04F79EFBC}") = "Monitoring tool PowerShell", "Monitoring tool PowerShell.csproj", "{7F49FC6C-0792-4963-916D-6E78362F096A}"
EndProject
Global
	GlobalSection(SolutionConfigurationPlatforms) = preSolution
		Debug|Any CPU = Debug|Any CPU
		Release|Any CPU = Release|Any CPU
	EndGlobalSection
	GlobalSection(ProjectConfigurationPlatforms) = postSolution
		{7F49FC6C-0792-4963-916D-6E78362F096A}.Debug|Any CPU.ActiveCfg = Debug|Any CPU
		{7F49FC6C-0792-4963-916D-6E78362F096A}.Debug|Any CPU.Build.0 = Debug|Any CPU
		{7F49FC6C-0792-4963-916D-6E78362F096A}.Release|Any CPU.ActiveCfg = Release|Any CPU
		{7F49FC6C-0792-4963-916D-6E78362F096A}.Release|Any CPU.Build.0 = Release|Any CPU
	EndGlobalSection
	GlobalSection(SolutionProperties) = preSolution
		HideSolutionNode = FALSE
	EndGlobalSection
	GlobalSection(ExtensibilityGlobals) = postSolution
		SolutionGuid = {2E5B54EB-0DAE-471C-AA43-BA6A624B2B9B}
	EndGlobalSection
EndGlobal
